
Microsoft Visual Studio Solution File, Format Version 12.00
# Visual Studio Version 17
VisualStudioVersion = 17.9.34728.123
MinimumVisualStudioVersion = 10.0.40219.1
Project("{FAE04EC0-301F-11D3-BF4B-00C04F79EFBC}") = "HuluwaToken", "src\HuluwaToken.csproj", "{0015E2C0-0730-4712-9EE4-D67CCF653995}"
EndProject
Global
	GlobalSection(SolutionConfigurationPlatforms) = preSolution
		Debug|Any CPU = Debug|Any CPU
		Release|Any CPU = Release|Any CPU
	EndGlobalSection
	GlobalSection(ProjectConfigurationPlatforms) = postSolution
		{0015E2C0-0730-4712-9EE4-D67CCF653995}.Debug|Any CPU.ActiveCfg = Debug|Any CPU
		{0015E2C0-0730-4712-9EE4-D67CCF653995}.Debug|Any CPU.Build.0 = Debug|Any CPU
		{0015E2C0-0730-4712-9EE4-D67CCF653995}.Release|Any CPU.ActiveCfg = Release|Any CPU
		{0015E2C0-0730-4712-9EE4-D67CCF653995}.Release|Any CPU.Build.0 = Release|Any CPU
	EndGlobalSection
	GlobalSection(SolutionProperties) = preSolution
		HideSolutionNode = FALSE
	EndGlobalSection
	GlobalSection(ExtensibilityGlobals) = postSolution
		SolutionGuid = {65665313-5F4A-401B-8F99-33CE8FE858A1}
	EndGlobalSection
EndGlobal
